
Microsoft Visual Studio Solution File, Format Version 12.00
# Visual Studio Version 17
VisualStudioVersion = 17.2.32505.173
MinimumVisualStudioVersion = 10.0.40219.1
Project("{F184B08F-C81C-45F6-A57F-5ABD9991F28F}") = "ProjectFor Computer Science", "ProjectFor Computer Science\ProjectFor Computer Science.vbproj", "{CD0CA2D9-9693-4CD8-AC51-82C55C840CCA}"
EndProject
Global
	GlobalSection(SolutionConfigurationPlatforms) = preSolution
		Debug|Any CPU = Debug|Any CPU
		Release|Any CPU = Release|Any CPU
	EndGlobalSection
	GlobalSection(ProjectConfigurationPlatforms) = postSolution
		{CD0CA2D9-9693-4CD8-AC51-82C55C840CCA}.Debug|Any CPU.ActiveCfg = Debug|Any CPU
		{CD0CA2D9-9693-4CD8-AC51-82C55C840CCA}.Debug|Any CPU.Build.0 = Debug|Any CPU
		{CD0CA2D9-9693-4CD8-AC51-82C55C840CCA}.Release|Any CPU.ActiveCfg = Release|Any CPU
		{CD0CA2D9-9693-4CD8-AC51-82C55C840CCA}.Release|Any CPU.Build.0 = Release|Any CPU
	EndGlobalSection
	GlobalSection(SolutionProperties) = preSolution
		HideSolutionNode = FALSE
	EndGlobalSection
	GlobalSection(ExtensibilityGlobals) = postSolution
		SolutionGuid = {03D7F41C-0CAD-49AB-B4DB-D37A9BF2FDB4}
	EndGlobalSection
EndGlobal
